<?xml version="1.0" encoding="utf-8"?>
<Project ToolsVersion="4.0" xmlns="http://schemas.microsoft.com/developer/msbuild/2003">
  <ItemGroup>
    <Filter Include="Source Files">
      <UniqueIdentifier>{4FC737F1-C7A5-4376-A066-2A32D752A2FF}</UniqueIdentifier>
      <Extensions>cpp;c;cc;cxx;c++;cppm;ixx;def;odl;idl;hpj;bat;asm;asmx</Extensions>
    </Filter>
    <Filter Include="Header Files">
      <UniqueIdentifier>{93995380-89BD-4b04-88EB-625FBE52EBFB}</UniqueIdentifier>
      <Extensions>h;hh;hpp;hxx;h++;hm;inl;inc;ipp;xsd</Extensions>
    </Filter>
    <Filter Include="Resource Files">
      <UniqueIdentifier>{67DA6AB6-F800-4c08-8B7A-83BB121AAD01}</UniqueIdentifier>
      <Extensions>rc;ico;cur;bmp;dlg;rc2;rct;bin;rgs;gif;jpg;jpeg;jpe;resx;tiff;tif;png;wav;mfcribbon-ms</Extensions>
    </Filter>
    <Filter Include="Source Files\marco">
      <UniqueIdentifier>{fa944cee-4650-4559-bae3-e282c67b35dc}</UniqueIdentifier>
    </Filter>
    <Filter Include="Source Files\intrepetor">
      <UniqueIdentifier>{14c31ea8-8a74-42ad-be4b-5184d6658dcf}</UniqueIdentifier>
    </Filter>
    <Filter Include="Source Files\eu">
      <UniqueIdentifier>{02c4499a-f632-4e44-a708-48a1213f7d4d}</UniqueIdentifier>
    </Filter>
  </ItemGroup>
  <ItemGroup>
    <ClCompile Include="apresenta_diretorio.c">
      <Filter>Source Files\marco</Filter>
    </ClCompile>
    <ClCompile Include="informacao_ficheiro.c">
      <Filter>Source Files\marco</Filter>
    </ClCompile>
    <ClCompile Include="conta_ficheiro.c">
      <Filter>Source Files\marco</Filter>
    </ClCompile>
    <ClCompile Include="intrepetadorcomandos.c">
      <Filter>Source Files\intrepetor</Filter>
    </ClCompile>
    <ClCompile Include="contaficheiro.c">
      <Filter>Source Files\eu</Filter>
    </ClCompile>
    <ClCompile Include="acrescentaficheiro.c">
      <Filter>Source Files\eu</Filter>
    </ClCompile>
    <ClCompile Include="apagaficheiro.c">
      <Filter>Source Files\eu</Filter>
    </ClCompile>
    <ClCompile Include="copiaficheiro.c">
      <Filter>Source Files\eu</Filter>
    </ClCompile>
    <ClCompile Include="mostraficheiro.c">
      <Filter>Source Files\eu</Filter>
    </ClCompile>
  </ItemGroup>
</Project>